
Microsoft Visual Studio Solution File, Format Version 12.00
# Visual Studio Version 17
VisualStudioVersion = 17.10.35027.167
MinimumVisualStudioVersion = 10.0.40219.1
Project("{54A90642-561A-4BB1-A94E-469ADEE60C69}") = "Myproject", "reactproject1\Myproject.esproj", "{64BAD22F-7959-4411-AD23-090E4BCEF931}"
EndProject
Global
	GlobalSection(SolutionConfigurationPlatforms) = preSolution
		Debug|Any CPU = Debug|Any CPU
		Release|Any CPU = Release|Any CPU
	EndGlobalSection
	GlobalSection(ProjectConfigurationPlatforms) = postSolution
		{64BAD22F-7959-4411-AD23-090E4BCEF931}.Debug|Any CPU.ActiveCfg = Debug|Any CPU
		{64BAD22F-7959-4411-AD23-090E4BCEF931}.Debug|Any CPU.Build.0 = Debug|Any CPU
		{64BAD22F-7959-4411-AD23-090E4BCEF931}.Debug|Any CPU.Deploy.0 = Debug|Any CPU
		{64BAD22F-7959-4411-AD23-090E4BCEF931}.Release|Any CPU.ActiveCfg = Release|Any CPU
		{64BAD22F-7959-4411-AD23-090E4BCEF931}.Release|Any CPU.Build.0 = Release|Any CPU
		{64BAD22F-7959-4411-AD23-090E4BCEF931}.Release|Any CPU.Deploy.0 = Release|Any CPU
	EndGlobalSection
	GlobalSection(SolutionProperties) = preSolution
		HideSolutionNode = FALSE
	EndGlobalSection
	GlobalSection(ExtensibilityGlobals) = postSolution
		SolutionGuid = {F2283A60-EB77-4093-9A67-C4D82CE7AFEF}
	EndGlobalSection
EndGlobal
